{
  "nodes": {
    "darwin": {
      "locked": {
        "lastModified": 1643421252,
        "narHash": "sha256-icSgAFt+EVW2etGE5Orm8fIf8NeL0OR7luQgXOAdkow=",
        "owner": "NixOS",
        "repo": "nixpkgs",
        "rev": "46450f2f65f117459157e4ea90e39c6601e38109",
        "type": "github"
      },
      "original": {
        "owner": "NixOS",
        "ref": "nixpkgs-21.11-darwin",
        "repo": "nixpkgs",
        "type": "github"
      }
    },
    "deploy-rs": {
      "inputs": {
        "flake-compat": "flake-compat",
        "nixpkgs": [
          "unstable"
        ],
        "utils": "utils"
      },
      "locked": {
        "lastModified": 1643452512,
        "narHash": "sha256-X+ZZhxzSSI0UyNVbVn3YH53Iiai0cUPZLq2ls751z4I=",
        "owner": "serokell",
        "repo": "deploy-rs",
        "rev": "3180b55ad44777edd90c08f9f9d4df74ec1549b9",
        "type": "github"
      },
      "original": {
        "owner": "serokell",
        "repo": "deploy-rs",
        "type": "github"
      }
    },
    "emacs-overlay": {
      "locked": {
        "lastModified": 1643481488,
        "narHash": "sha256-6WqxMVVbwvFKuqOz+SEeNLtCfRM1NOWd0imBKe2onxs=",
        "owner": "nix-community",
        "repo": "emacs-overlay",
        "rev": "db06e18bcea9fa0cd93067dab0648b8280637304",
        "type": "github"
      },
      "original": {
        "owner": "nix-community",
        "repo": "emacs-overlay",
        "type": "github"
      }
    },
    "flake-compat": {
      "flake": false,
      "locked": {
        "lastModified": 1627913399,
        "narHash": "sha256-hY8g6H2KFL8ownSiFeMOjwPC8P0ueXpCVEbxgda3pko=",
        "owner": "edolstra",
        "repo": "flake-compat",
        "rev": "12c64ca55c1014cdc1b16ed5a804aa8576601ff2",
        "type": "github"
      },
      "original": {
        "owner": "edolstra",
        "repo": "flake-compat",
        "type": "github"
      }
    },
    "flake-utils": {
      "locked": {
        "lastModified": 1642700792,
        "narHash": "sha256-XqHrk7hFb+zBvRg6Ghl+AZDq03ov6OshJLiSWOoX5es=",
        "owner": "numtide",
        "repo": "flake-utils",
        "rev": "846b2ae0fc4cc943637d3d1def4454213e203cba",
        "type": "github"
      },
      "original": {
        "owner": "numtide",
        "repo": "flake-utils",
        "type": "github"
      }
    },
    "flake-utils_2": {
      "locked": {
        "lastModified": 1638122382,
        "narHash": "sha256-sQzZzAbvKEqN9s0bzWuYmRaA03v40gaJ4+iL1LXjaeI=",
        "owner": "numtide",
        "repo": "flake-utils",
        "rev": "74f7e4319258e287b0f9cb95426c9853b282730b",
        "type": "github"
      },
      "original": {
        "owner": "numtide",
        "repo": "flake-utils",
        "type": "github"
      }
    },
    "home-manager": {
      "inputs": {
        "nixpkgs": [
          "unstable"
        ]
      },
      "locked": {
        "lastModified": 1643411645,
        "narHash": "sha256-q1TjWmK1MeGNfcU8ud11v9ZTqq2UI8YiCVKCD2MeAEk=",
        "owner": "nix-community",
        "repo": "home-manager",
        "rev": "acf824c9ed70f623b424c2ca41d0f6821014c67c",
        "type": "github"
      },
      "original": {
        "owner": "nix-community",
        "repo": "home-manager",
        "type": "github"
      }
    },
    "master": {
      "locked": {
        "lastModified": 1643508053,
        "narHash": "sha256-3LdXJmF3m7JN8a1fFSnAUxWbKC05jZj5/CCY5McMlLs=",
        "owner": "NixOS",
        "repo": "nixpkgs",
        "rev": "6ae3c24e5be760293476553da0286b8a0b44a9c0",
        "type": "github"
      },
      "original": {
        "owner": "NixOS",
        "ref": "master",
        "repo": "nixpkgs",
        "type": "github"
      }
    },
    "mitchty": {
      "inputs": {
        "flake-utils": "flake-utils_2",
        "nixpkgs": [
          "unstable"
        ]
      },
      "locked": {
        "lastModified": 1638637561,
        "narHash": "sha256-MZyITSVNfd+Pcef2COCcqEeyDb6+xbYLuYUFkLq/tZ4=",
        "owner": "mitchty",
        "repo": "nixos",
        "rev": "64225338d6cd3aa641458381bd4d3bc63402a715",
        "type": "github"
      },
      "original": {
        "owner": "mitchty",
        "repo": "nixos",
        "type": "github"
      }
    },
    "nix-darwin": {
      "inputs": {
        "nixpkgs": [
          "unstable"
        ]
      },
      "locked": {
        "lastModified": 1642495030,
        "narHash": "sha256-u1ZlFbLWzkM6zOfuZ1tr0tzTuDWucOYwALPWDWLorkE=",
        "owner": "LnL7",
        "repo": "nix-darwin",
        "rev": "bcdb6022b3a300abf59cb5d0106c158940f5120e",
        "type": "github"
      },
      "original": {
        "owner": "LnL7",
        "repo": "nix-darwin",
        "type": "github"
      }
    },
    "nixlib": {
      "locked": {
        "lastModified": 1636849918,
        "narHash": "sha256-nzUK6dPcTmNVrgTAC1EOybSMsrcx+QrVPyqRdyKLkjA=",
        "owner": "nix-community",
        "repo": "nixpkgs.lib",
        "rev": "28a5b0557f14124608db68d3ee1f77e9329e9dd5",
        "type": "github"
      },
      "original": {
        "owner": "nix-community",
        "repo": "nixpkgs.lib",
        "type": "github"
      }
    },
    "nixos-generators": {
      "inputs": {
        "nixlib": "nixlib",
        "nixpkgs": [
          "nixpkgs"
        ]
      },
      "locked": {
        "lastModified": 1640542138,
        "narHash": "sha256-2f+Dslfzkuj0pgBl+70lkiTCg+U2Q0TcOikwxpsU+Fk=",
        "owner": "nix-community",
        "repo": "nixos-generators",
        "rev": "296067b9c7a172d294831dec89d86847f30a7cfc",
        "type": "github"
      },
      "original": {
        "owner": "nix-community",
        "repo": "nixos-generators",
        "type": "github"
      }
    },
    "nixpkgs": {
      "locked": {
        "lastModified": 1643247693,
        "narHash": "sha256-rmShxIuNjYBz4l83J0J++sug+MURUY1koPCzX4F8hfo=",
        "owner": "NixOS",
        "repo": "nixpkgs",
        "rev": "6c4b9f1a2fd761e2d384ef86cff0d208ca27fdca",
        "type": "github"
      },
      "original": {
        "owner": "NixOS",
        "ref": "nixos-21.11",
        "repo": "nixpkgs",
        "type": "github"
      }
    },
    "root": {
      "inputs": {
        "darwin": "darwin",
        "deploy-rs": "deploy-rs",
        "emacs-overlay": "emacs-overlay",
        "flake-utils": "flake-utils",
        "home-manager": "home-manager",
        "master": "master",
        "mitchty": "mitchty",
        "nix-darwin": "nix-darwin",
        "nixos-generators": "nixos-generators",
        "nixpkgs": "nixpkgs",
        "sops": "sops",
        "unstable": "unstable"
      }
    },
    "sops": {
      "inputs": {
        "nixpkgs": [
          "unstable"
        ]
      },
      "locked": {
        "lastModified": 1643003126,
        "narHash": "sha256-JO5WrnP6+5qN3isdmm9VmjzvCM64UElgGnql7vEGjKU=",
        "owner": "Mic92",
        "repo": "sops-nix",
        "rev": "c86068ac9a317f235be24a468206f874ba00f8d0",
        "type": "github"
      },
      "original": {
        "owner": "Mic92",
        "repo": "sops-nix",
        "type": "github"
      }
    },
    "unstable": {
      "locked": {
        "lastModified": 1643322911,
        "narHash": "sha256-WLe4lXAYXH/v80iO02npX1wdXq4nIVEHJTONLXbQrL0=",
        "owner": "NixOS",
        "repo": "nixpkgs",
        "rev": "d9e21f284317f85b3476c0043f4efea87a226c3a",
        "type": "github"
      },
      "original": {
        "owner": "NixOS",
        "ref": "nixpkgs-unstable",
        "repo": "nixpkgs",
        "type": "github"
      }
    },
    "utils": {
      "locked": {
        "lastModified": 1631561581,
        "narHash": "sha256-3VQMV5zvxaVLvqqUrNz3iJelLw30mIVSfZmAaauM3dA=",
        "owner": "numtide",
        "repo": "flake-utils",
        "rev": "7e5bf3925f6fbdfaf50a2a7ca0be2879c4261d19",
        "type": "github"
      },
      "original": {
        "owner": "numtide",
        "repo": "flake-utils",
        "type": "github"
      }
    }
  },
  "root": "root",
  "version": 7
}
